
Microsoft Visual Studio Solution File, Format Version 12.00
# Visual Studio Version 16
VisualStudioVersion = 16.0.30907.101
MinimumVisualStudioVersion = 10.0.40219.1
Project("{FAE04EC0-301F-11D3-BF4B-00C04F79EFBC}") = "ASP.NET_MVC_uppgift", "ASP.NET_MVC_uppgift\ASP.NET_MVC_uppgift.csproj", "{C0B86A98-9BAD-4821-BC56-4EE54A623C23}"
EndProject
Global
	GlobalSection(SolutionConfigurationPlatforms) = preSolution
		Debug|Any CPU = Debug|Any CPU
		Release|Any CPU = Release|Any CPU
	EndGlobalSection
	GlobalSection(ProjectConfigurationPlatforms) = postSolution
		{C0B86A98-9BAD-4821-BC56-4EE54A623C23}.Debug|Any CPU.ActiveCfg = Debug|Any CPU
		{C0B86A98-9BAD-4821-BC56-4EE54A623C23}.Debug|Any CPU.Build.0 = Debug|Any CPU
		{C0B86A98-9BAD-4821-BC56-4EE54A623C23}.Release|Any CPU.ActiveCfg = Release|Any CPU
		{C0B86A98-9BAD-4821-BC56-4EE54A623C23}.Release|Any CPU.Build.0 = Release|Any CPU
	EndGlobalSection
	GlobalSection(SolutionProperties) = preSolution
		HideSolutionNode = FALSE
	EndGlobalSection
	GlobalSection(ExtensibilityGlobals) = postSolution
		SolutionGuid = {999E1957-F824-47B1-B133-FFFDF4D41230}
	EndGlobalSection
EndGlobal
